
Microsoft Visual Studio Solution File, Format Version 12.00
# Visual Studio 14
VisualStudioVersion = 14.0.23107.0
MinimumVisualStudioVersion = 10.0.40219.1
Project("{FAE04EC0-301F-11D3-BF4B-00C04F79EFBC}") = "Brick Breaker 02", "Brick Breaker 02\Brick Breaker 02.csproj", "{A87D3AB9-FD22-43C9-A679-0ED04BF21DB0}"
EndProject
Global
	GlobalSection(SolutionConfigurationPlatforms) = preSolution
		Debug|Any CPU = Debug|Any CPU
		Release|Any CPU = Release|Any CPU
	EndGlobalSection
	GlobalSection(ProjectConfigurationPlatforms) = postSolution
		{A87D3AB9-FD22-43C9-A679-0ED04BF21DB0}.Debug|Any CPU.ActiveCfg = Debug|Any CPU
		{A87D3AB9-FD22-43C9-A679-0ED04BF21DB0}.Debug|Any CPU.Build.0 = Debug|Any CPU
		{A87D3AB9-FD22-43C9-A679-0ED04BF21DB0}.Release|Any CPU.ActiveCfg = Release|Any CPU
		{A87D3AB9-FD22-43C9-A679-0ED04BF21DB0}.Release|Any CPU.Build.0 = Release|Any CPU
	EndGlobalSection
	GlobalSection(SolutionProperties) = preSolution
		HideSolutionNode = FALSE
	EndGlobalSection
EndGlobal
